
Microsoft Visual Studio Solution File, Format Version 12.00
# Visual Studio Version 17
VisualStudioVersion = 17.9.34714.143
MinimumVisualStudioVersion = 10.0.40219.1
Project("{FAE04EC0-301F-11D3-BF4B-00C04F79EFBC}") = "Pgc1Aula02Ex02", "Pgc1Aula02Ex02.csproj", "{DD9C1F5F-E187-490B-B832-32FDFE6F30A3}"
EndProject
Global
	GlobalSection(SolutionConfigurationPlatforms) = preSolution
		Debug|Any CPU = Debug|Any CPU
		Release|Any CPU = Release|Any CPU
	EndGlobalSection
	GlobalSection(ProjectConfigurationPlatforms) = postSolution
		{DD9C1F5F-E187-490B-B832-32FDFE6F30A3}.Debug|Any CPU.ActiveCfg = Debug|Any CPU
		{DD9C1F5F-E187-490B-B832-32FDFE6F30A3}.Debug|Any CPU.Build.0 = Debug|Any CPU
		{DD9C1F5F-E187-490B-B832-32FDFE6F30A3}.Release|Any CPU.ActiveCfg = Release|Any CPU
		{DD9C1F5F-E187-490B-B832-32FDFE6F30A3}.Release|Any CPU.Build.0 = Release|Any CPU
	EndGlobalSection
	GlobalSection(SolutionProperties) = preSolution
		HideSolutionNode = FALSE
	EndGlobalSection
	GlobalSection(ExtensibilityGlobals) = postSolution
		SolutionGuid = {5EFFBF09-2DE5-4C7F-AF25-BC8A3BB54ACA}
	EndGlobalSection
EndGlobal
